
Microsoft Visual Studio Solution File, Format Version 12.00
# Visual Studio Version 17
VisualStudioVersion = 17.2.32616.157
MinimumVisualStudioVersion = 10.0.40219.1
Project("{FAE04EC0-301F-11D3-BF4B-00C04F79EFBC}") = "HasanDemirtasReaMiniTask", "HasanDemirtasReaMiniTask\HasanDemirtasReaMiniTask.csproj", "{D7554052-8BB7-459B-A2D7-A0E6FC95FA4D}"
EndProject
Global
	GlobalSection(SolutionConfigurationPlatforms) = preSolution
		Debug|Any CPU = Debug|Any CPU
		Release|Any CPU = Release|Any CPU
	EndGlobalSection
	GlobalSection(ProjectConfigurationPlatforms) = postSolution
		{D7554052-8BB7-459B-A2D7-A0E6FC95FA4D}.Debug|Any CPU.ActiveCfg = Debug|Any CPU
		{D7554052-8BB7-459B-A2D7-A0E6FC95FA4D}.Debug|Any CPU.Build.0 = Debug|Any CPU
		{D7554052-8BB7-459B-A2D7-A0E6FC95FA4D}.Release|Any CPU.ActiveCfg = Release|Any CPU
		{D7554052-8BB7-459B-A2D7-A0E6FC95FA4D}.Release|Any CPU.Build.0 = Release|Any CPU
	EndGlobalSection
	GlobalSection(SolutionProperties) = preSolution
		HideSolutionNode = FALSE
	EndGlobalSection
	GlobalSection(ExtensibilityGlobals) = postSolution
		SolutionGuid = {136D2200-F41B-4F93-A18D-EB5767C5D4B1}
	EndGlobalSection
EndGlobal
